
Microsoft Visual Studio Solution File, Format Version 12.00
# Visual Studio 15
VisualStudioVersion = 15.0.28307.1267
MinimumVisualStudioVersion = 10.0.40219.1
Project("{E24C65DC-7377-472B-9ABA-BC803B73C61A}") = "KafeProjem", "KafeProjem\", "{7645DAF8-4A6D-43E6-A01A-85110A6689FB}"
	ProjectSection(WebsiteProperties) = preProject
		TargetFrameworkMoniker = ".NETFramework,Version%3Dv4.6.1"
		Debug.AspNetCompiler.VirtualPath = "/localhost_55056"
		Debug.AspNetCompiler.PhysicalPath = "KafeProjem\"
		Debug.AspNetCompiler.TargetPath = "PrecompiledWeb\localhost_55056\"
		Debug.AspNetCompiler.Updateable = "true"
		Debug.AspNetCompiler.ForceOverwrite = "true"
		Debug.AspNetCompiler.FixedNames = "false"
		Debug.AspNetCompiler.Debug = "True"
		Release.AspNetCompiler.VirtualPath = "/localhost_55056"
		Release.AspNetCompiler.PhysicalPath = "KafeProjem\"
		Release.AspNetCompiler.TargetPath = "PrecompiledWeb\localhost_55056\"
		Release.AspNetCompiler.Updateable = "true"
		Release.AspNetCompiler.ForceOverwrite = "true"
		Release.AspNetCompiler.FixedNames = "false"
		Release.AspNetCompiler.Debug = "False"
		VWDPort = "55056"
		DefaultWebSiteLanguage = "Visual C#"
	EndProjectSection
EndProject
Global
	GlobalSection(SolutionConfigurationPlatforms) = preSolution
		Debug|Any CPU = Debug|Any CPU
	EndGlobalSection
	GlobalSection(ProjectConfigurationPlatforms) = postSolution
		{7645DAF8-4A6D-43E6-A01A-85110A6689FB}.Debug|Any CPU.ActiveCfg = Debug|Any CPU
		{7645DAF8-4A6D-43E6-A01A-85110A6689FB}.Debug|Any CPU.Build.0 = Debug|Any CPU
	EndGlobalSection
	GlobalSection(SolutionProperties) = preSolution
		HideSolutionNode = FALSE
	EndGlobalSection
	GlobalSection(ExtensibilityGlobals) = postSolution
		SolutionGuid = {564C5715-5F18-4B70-8965-2B83EF2EA860}
	EndGlobalSection
EndGlobal
